
Microsoft Visual Studio Solution File, Format Version 12.00
# Visual Studio 2012
Project("{FAE04EC0-301F-11D3-BF4B-00C04F79EFBC}") = "Example.Web", "Example.Web\Example.Web.csproj", "{601A56DF-3B87-4CEB-9907-787BBC13E51D}"
EndProject
Project("{2150E333-8FDC-42A3-9474-1A3956D46DE8}") = ".nuget", ".nuget", "{F87A3B0A-85CE-4A8E-9767-843D93A2CC3A}"
	ProjectSection(SolutionItems) = preProject
		.nuget\NuGet.Config = .nuget\NuGet.Config
		.nuget\NuGet.exe = .nuget\NuGet.exe
		.nuget\NuGet.targets = .nuget\NuGet.targets
	EndProjectSection
EndProject
Project("{2150E333-8FDC-42A3-9474-1A3956D46DE8}") = "Deployment", "Deployment", "{1D39F90D-0519-4B00-AC3B-9D8F90373A75}"
	ProjectSection(SolutionItems) = preProject
		Deployment\deploy-test.ps1 = Deployment\deploy-test.ps1
		Deployment\wfe1.publishsettings = Deployment\wfe1.publishsettings
	EndProjectSection
EndProject
Global
	GlobalSection(SolutionConfigurationPlatforms) = preSolution
		Debug|Any CPU = Debug|Any CPU
		Release|Any CPU = Release|Any CPU
	EndGlobalSection
	GlobalSection(ProjectConfigurationPlatforms) = postSolution
		{601A56DF-3B87-4CEB-9907-787BBC13E51D}.Debug|Any CPU.ActiveCfg = Debug|Any CPU
		{601A56DF-3B87-4CEB-9907-787BBC13E51D}.Debug|Any CPU.Build.0 = Debug|Any CPU
		{601A56DF-3B87-4CEB-9907-787BBC13E51D}.Release|Any CPU.ActiveCfg = Release|Any CPU
		{601A56DF-3B87-4CEB-9907-787BBC13E51D}.Release|Any CPU.Build.0 = Release|Any CPU
	EndGlobalSection
	GlobalSection(SolutionProperties) = preSolution
		HideSolutionNode = FALSE
	EndGlobalSection
EndGlobal
