
Microsoft Visual Studio Solution File, Format Version 12.00
# Visual Studio 2012
Project("{FAE04EC0-301F-11D3-BF4B-00C04F79EFBC}") = "XAmple.Deploy", "XAmple.Deploy\XAmple.Deploy.csproj", "{EDBC0CF9-FBCF-4CD4-8EE9-FCB3BEB32328}"
EndProject
Project("{FAE04EC0-301F-11D3-BF4B-00C04F79EFBC}") = "XAmple.Deploy.IntegrationTests", "XAmple.Deploy.IntegrationTests\XAmple.Deploy.IntegrationTests.csproj", "{8F71004D-8733-4F75-BA9C-001F29FAEF8E}"
EndProject
Project("{2150E333-8FDC-42A3-9474-1A3956D46DE8}") = ".nuget", ".nuget", "{7ECED0B9-7613-44F4-A700-AA6F6A298C50}"
	ProjectSection(SolutionItems) = preProject
		.nuget\NuGet.Config = .nuget\NuGet.Config
		.nuget\NuGet.exe = .nuget\NuGet.exe
		.nuget\NuGet.targets = .nuget\NuGet.targets
		.nuget\packages.config = .nuget\packages.config
	EndProjectSection
EndProject
Global
	GlobalSection(SolutionConfigurationPlatforms) = preSolution
		Debug|Any CPU = Debug|Any CPU
		Release|Any CPU = Release|Any CPU
	EndGlobalSection
	GlobalSection(ProjectConfigurationPlatforms) = postSolution
		{EDBC0CF9-FBCF-4CD4-8EE9-FCB3BEB32328}.Debug|Any CPU.ActiveCfg = Debug|Any CPU
		{EDBC0CF9-FBCF-4CD4-8EE9-FCB3BEB32328}.Debug|Any CPU.Build.0 = Debug|Any CPU
		{EDBC0CF9-FBCF-4CD4-8EE9-FCB3BEB32328}.Release|Any CPU.ActiveCfg = Release|Any CPU
		{EDBC0CF9-FBCF-4CD4-8EE9-FCB3BEB32328}.Release|Any CPU.Build.0 = Release|Any CPU
		{8F71004D-8733-4F75-BA9C-001F29FAEF8E}.Debug|Any CPU.ActiveCfg = Debug|Any CPU
		{8F71004D-8733-4F75-BA9C-001F29FAEF8E}.Debug|Any CPU.Build.0 = Debug|Any CPU
		{8F71004D-8733-4F75-BA9C-001F29FAEF8E}.Release|Any CPU.ActiveCfg = Release|Any CPU
		{8F71004D-8733-4F75-BA9C-001F29FAEF8E}.Release|Any CPU.Build.0 = Release|Any CPU
	EndGlobalSection
	GlobalSection(SolutionProperties) = preSolution
		HideSolutionNode = FALSE
	EndGlobalSection
EndGlobal
